
Microsoft Visual Studio Solution File, Format Version 12.00
# Visual Studio Version 17
VisualStudioVersion = 17.0.31912.275
MinimumVisualStudioVersion = 10.0.40219.1
Project("{8BC9CEB8-8B4A-11D0-8D11-00A0C91BC942}") = "KeyboardLayoutPersistence", "KeyboardLayoutPersistence\KeyboardLayoutPersistence.vcxproj", "{9FB5CFEA-30A1-483A-A2B1-A20B0454E6C1}"
EndProject
Global
	GlobalSection(SolutionConfigurationPlatforms) = preSolution
		Release|x64 = Release|x64
		Release|x86 = Release|x86
	EndGlobalSection
	GlobalSection(ProjectConfigurationPlatforms) = postSolution
		{9FB5CFEA-30A1-483A-A2B1-A20B0454E6C1}.Release|x64.ActiveCfg = Release|x64
		{9FB5CFEA-30A1-483A-A2B1-A20B0454E6C1}.Release|x64.Build.0 = Release|x64
		{9FB5CFEA-30A1-483A-A2B1-A20B0454E6C1}.Release|x86.ActiveCfg = Release|Win32
		{9FB5CFEA-30A1-483A-A2B1-A20B0454E6C1}.Release|x86.Build.0 = Release|Win32
	EndGlobalSection
	GlobalSection(SolutionProperties) = preSolution
		HideSolutionNode = FALSE
	EndGlobalSection
	GlobalSection(ExtensibilityGlobals) = postSolution
		SolutionGuid = {49C8E439-F956-487E-B655-2F13FF40E460}
	EndGlobalSection
EndGlobal
