
Microsoft Visual Studio Solution File, Format Version 12.00
# Visual Studio Version 16
VisualStudioVersion = 16.0.32002.261
MinimumVisualStudioVersion = 12.0
Project("{8BC9CEB8-8B4A-11D0-8D11-00A0C91BC942}") = "kbdus", "kbdus\kbdus.vcxproj", "{C51EA5C9-2C11-4BA0-A8F1-E59CE1315B3C}"
EndProject
Global
	GlobalSection(SolutionConfigurationPlatforms) = preSolution
		Release|x64 = Release|x64
	EndGlobalSection
	GlobalSection(ProjectConfigurationPlatforms) = postSolution
		{C51EA5C9-2C11-4BA0-A8F1-E59CE1315B3C}.Release|x64.ActiveCfg = Release|x64
		{C51EA5C9-2C11-4BA0-A8F1-E59CE1315B3C}.Release|x64.Build.0 = Release|x64
	EndGlobalSection
	GlobalSection(SolutionProperties) = preSolution
		HideSolutionNode = FALSE
	EndGlobalSection
	GlobalSection(ExtensibilityGlobals) = postSolution
		SolutionGuid = {F837C250-D651-4D5E-8662-6FBE84713B35}
	EndGlobalSection
EndGlobal
